
Microsoft Visual Studio Solution File, Format Version 12.00
# Visual Studio Version 17
VisualStudioVersion = 17.10.35027.167
MinimumVisualStudioVersion = 10.0.40219.1
Project("{FAE04EC0-301F-11D3-BF4B-00C04F79EFBC}") = "Degiskenler-Pratik", "Degiskenler-Pratik\Degiskenler-Pratik.csproj", "{F024FC13-F3F8-45BC-BE4D-5F8029D7ED17}"
EndProject
Global
	GlobalSection(SolutionConfigurationPlatforms) = preSolution
		Debug|Any CPU = Debug|Any CPU
		Release|Any CPU = Release|Any CPU
	EndGlobalSection
	GlobalSection(ProjectConfigurationPlatforms) = postSolution
		{F024FC13-F3F8-45BC-BE4D-5F8029D7ED17}.Debug|Any CPU.ActiveCfg = Debug|Any CPU
		{F024FC13-F3F8-45BC-BE4D-5F8029D7ED17}.Debug|Any CPU.Build.0 = Debug|Any CPU
		{F024FC13-F3F8-45BC-BE4D-5F8029D7ED17}.Release|Any CPU.ActiveCfg = Release|Any CPU
		{F024FC13-F3F8-45BC-BE4D-5F8029D7ED17}.Release|Any CPU.Build.0 = Release|Any CPU
	EndGlobalSection
	GlobalSection(SolutionProperties) = preSolution
		HideSolutionNode = FALSE
	EndGlobalSection
	GlobalSection(ExtensibilityGlobals) = postSolution
		SolutionGuid = {47F82320-6CBF-488E-A3AB-D9CCF29E5C6E}
	EndGlobalSection
EndGlobal
